
Microsoft Visual Studio Solution File, Format Version 12.00
# Visual Studio Version 16
VisualStudioVersion = 16.0.29905.134
MinimumVisualStudioVersion = 10.0.40219.1
Project("{FAE04EC0-301F-11D3-BF4B-00C04F79EFBC}") = "simpelt spil", "simpelt spil\simpelt spil.csproj", "{BA49FEE6-4BB3-44FD-B80F-7312F064CF3B}"
EndProject
Global
	GlobalSection(SolutionConfigurationPlatforms) = preSolution
		Debug|Any CPU = Debug|Any CPU
		Release|Any CPU = Release|Any CPU
	EndGlobalSection
	GlobalSection(ProjectConfigurationPlatforms) = postSolution
		{BA49FEE6-4BB3-44FD-B80F-7312F064CF3B}.Debug|Any CPU.ActiveCfg = Debug|Any CPU
		{BA49FEE6-4BB3-44FD-B80F-7312F064CF3B}.Debug|Any CPU.Build.0 = Debug|Any CPU
		{BA49FEE6-4BB3-44FD-B80F-7312F064CF3B}.Release|Any CPU.ActiveCfg = Release|Any CPU
		{BA49FEE6-4BB3-44FD-B80F-7312F064CF3B}.Release|Any CPU.Build.0 = Release|Any CPU
	EndGlobalSection
	GlobalSection(SolutionProperties) = preSolution
		HideSolutionNode = FALSE
	EndGlobalSection
	GlobalSection(ExtensibilityGlobals) = postSolution
		SolutionGuid = {6975A808-381F-49B6-9DC8-A587D3B70746}
	EndGlobalSection
EndGlobal
