
Microsoft Visual Studio Solution File, Format Version 12.00
# Visual Studio Version 16
VisualStudioVersion = 16.0.29905.134
MinimumVisualStudioVersion = 10.0.40219.1
Project("{FAE04EC0-301F-11D3-BF4B-00C04F79EFBC}") = "RegEx", "RegEx\RegEx.csproj", "{2C97952B-A085-4A71-9F7C-F854887705C6}"
EndProject
Global
	GlobalSection(SolutionConfigurationPlatforms) = preSolution
		Debug|Any CPU = Debug|Any CPU
		Release|Any CPU = Release|Any CPU
	EndGlobalSection
	GlobalSection(ProjectConfigurationPlatforms) = postSolution
		{2C97952B-A085-4A71-9F7C-F854887705C6}.Debug|Any CPU.ActiveCfg = Debug|Any CPU
		{2C97952B-A085-4A71-9F7C-F854887705C6}.Debug|Any CPU.Build.0 = Debug|Any CPU
		{2C97952B-A085-4A71-9F7C-F854887705C6}.Release|Any CPU.ActiveCfg = Release|Any CPU
		{2C97952B-A085-4A71-9F7C-F854887705C6}.Release|Any CPU.Build.0 = Release|Any CPU
	EndGlobalSection
	GlobalSection(SolutionProperties) = preSolution
		HideSolutionNode = FALSE
	EndGlobalSection
	GlobalSection(ExtensibilityGlobals) = postSolution
		SolutionGuid = {BE531B47-D742-4A70-95F0-9B83E66CAFB2}
	EndGlobalSection
EndGlobal
